// !$*UTF8*$!
{
	archiveVersion = 1;
	classes = {
	};
	objectVersion = 46;
	objects = {

/* Begin PBXBuildFile section */
		372EF7A41F618481001BDE9A /* YTableTool.m in Sources */ = {isa = PBXBuildFile; fileRef = 372EF7A31F618481001BDE9A /* YTableTool.m */; };
		37B07B881F60DCBE007DFD18 /* main.m in Sources */ = {isa = PBXBuildFile; fileRef = 37B07B871F60DCBE007DFD18 /* main.m */; };
		37B07B8B1F60DCBE007DFD18 /* AppDelegate.m in Sources */ = {isa = PBXBuildFile; fileRef = 37B07B8A1F60DCBE007DFD18 /* AppDelegate.m */; };
		37B07B8E1F60DCBE007DFD18 /* ViewController.m in Sources */ = {isa = PBXBuildFile; fileRef = 37B07B8D1F60DCBE007DFD18 /* ViewController.m */; };
		37B07B911F60DCBE007DFD18 /* Main.storyboard in Resources */ = {isa = PBXBuildFile; fileRef = 37B07B8F1F60DCBE007DFD18 /* Main.storyboard */; };
		37B07B931F60DCBE007DFD18 /* Assets.xcassets in Resources */ = {isa = PBXBuildFile; fileRef = 37B07B921F60DCBE007DFD18 /* Assets.xcassets */; };
		37B07B961F60DCBE007DFD18 /* LaunchScreen.storyboard in Resources */ = {isa = PBXBuildFile; fileRef = 37B07B941F60DCBE007DFD18 /* LaunchScreen.storyboard */; };
		37B07BA11F60DCBE007DFD18 /* YSqliteLibTests.m in Sources */ = {isa = PBXBuildFile; fileRef = 37B07BA01F60DCBE007DFD18 /* YSqliteLibTests.m */; };
		37B07BAE1F60E724007DFD18 /* YSqliteTool.m in Sources */ = {isa = PBXBuildFile; fileRef = 37B07BAD1F60E724007DFD18 /* YSqliteTool.m */; };
		37B07BB11F60E74B007DFD18 /* libsqlite3.0.tbd in Frameworks */ = {isa = PBXBuildFile; fileRef = 37B07BB01F60E74B007DFD18 /* libsqlite3.0.tbd */; };
		37B07BB71F6124B3007DFD18 /* YModel.m in Sources */ = {isa = PBXBuildFile; fileRef = 37B07BB61F6124B3007DFD18 /* YModel.m */; };
		37B07BBD1F6127D2007DFD18 /* YSqliteModelTool.m in Sources */ = {isa = PBXBuildFile; fileRef = 37B07BBC1F6127D2007DFD18 /* YSqliteModelTool.m */; };
		37B07BC01F6129C2007DFD18 /* YModelTool.m in Sources */ = {isa = PBXBuildFile; fileRef = 37B07BBF1F6129C2007DFD18 /* YModelTool.m */; };
		37B07BC41F61302B007DFD18 /* YModelToolsTest.m in Sources */ = {isa = PBXBuildFile; fileRef = 37B07BC31F61302B007DFD18 /* YModelToolsTest.m */; };
/* End PBXBuildFile section */

/* Begin PBXContainerItemProxy section */
		37B07B9D1F60DCBE007DFD18 /* PBXContainerItemProxy */ = {
			isa = PBXContainerItemProxy;
			containerPortal = 37B07B7B1F60DCBE007DFD18 /* Project object */;
			proxyType = 1;
			remoteGlobalIDString = 37B07B821F60DCBE007DFD18;
			remoteInfo = YSqliteLib;
		};
/* End PBXContainerItemProxy section */

/* Begin PBXFileReference section */
		372EF7A21F618481001BDE9A /* YTableTool.h */ = {isa = PBXFileReference; fileEncoding = 4; lastKnownFileType = sourcecode.c.h; path = YTableTool.h; sourceTree = "<group>"; };
		372EF7A31F618481001BDE9A /* YTableTool.m */ = {isa = PBXFileReference; fileEncoding = 4; lastKnownFileType = sourcecode.c.objc; path = YTableTool.m; sourceTree = "<group>"; };
		37B07B831F60DCBE007DFD18 /* YSqliteLib.app */ = {isa = PBXFileReference; explicitFileType = wrapper.application; includeInIndex = 0; path = YSqliteLib.app; sourceTree = BUILT_PRODUCTS_DIR; };
		37B07B871F60DCBE007DFD18 /* main.m */ = {isa = PBXFileReference; lastKnownFileType = sourcecode.c.objc; path = main.m; sourceTree = "<group>"; };
		37B07B891F60DCBE007DFD18 /* AppDelegate.h */ = {isa = PBXFileReference; lastKnownFileType = sourcecode.c.h; path = AppDelegate.h; sourceTree = "<group>"; };
		37B07B8A1F60DCBE007DFD18 /* AppDelegate.m */ = {isa = PBXFileReference; lastKnownFileType = sourcecode.c.objc; path = AppDelegate.m; sourceTree = "<group>"; };
		37B07B8C1F60DCBE007DFD18 /* ViewController.h */ = {isa = PBXFileReference; lastKnownFileType = sourcecode.c.h; path = ViewController.h; sourceTree = "<group>"; };
		37B07B8D1F60DCBE007DFD18 /* ViewController.m */ = {isa = PBXFileReference; lastKnownFileType = sourcecode.c.objc; path = ViewController.m; sourceTree = "<group>"; };
		37B07B901F60DCBE007DFD18 /* Base */ = {isa = PBXFileReference; lastKnownFileType = file.storyboard; name = Base; path = Base.lproj/Main.storyboard; sourceTree = "<group>"; };
		37B07B921F60DCBE007DFD18 /* Assets.xcassets */ = {isa = PBXFileReference; lastKnownFileType = folder.assetcatalog; path = Assets.xcassets; sourceTree = "<group>"; };
		37B07B951F60DCBE007DFD18 /* Base */ = {isa = PBXFileReference; lastKnownFileType = file.storyboard; name = Base; path = Base.lproj/LaunchScreen.storyboard; sourceTree = "<group>"; };
		37B07B971F60DCBE007DFD18 /* Info.plist */ = {isa = PBXFileReference; lastKnownFileType = text.plist.xml; path = Info.plist; sourceTree = "<group>"; };
		37B07B9C1F60DCBE007DFD18 /* YSqliteLibTests.xctest */ = {isa = PBXFileReference; explicitFileType = wrapper.cfbundle; includeInIndex = 0; path = YSqliteLibTests.xctest; sourceTree = BUILT_PRODUCTS_DIR; };
		37B07BA01F60DCBE007DFD18 /* YSqliteLibTests.m */ = {isa = PBXFileReference; lastKnownFileType = sourcecode.c.objc; path = YSqliteLibTests.m; sourceTree = "<group>"; };
		37B07BA21F60DCBE007DFD18 /* Info.plist */ = {isa = PBXFileReference; lastKnownFileType = text.plist.xml; path = Info.plist; sourceTree = "<group>"; };
		37B07BAC1F60E724007DFD18 /* YSqliteTool.h */ = {isa = PBXFileReference; fileEncoding = 4; lastKnownFileType = sourcecode.c.h; path = YSqliteTool.h; sourceTree = "<group>"; };
		37B07BAD1F60E724007DFD18 /* YSqliteTool.m */ = {isa = PBXFileReference; fileEncoding = 4; lastKnownFileType = sourcecode.c.objc; path = YSqliteTool.m; sourceTree = "<group>"; };
		37B07BB01F60E74B007DFD18 /* libsqlite3.0.tbd */ = {isa = PBXFileReference; lastKnownFileType = "sourcecode.text-based-dylib-definition"; name = libsqlite3.0.tbd; path = usr/lib/libsqlite3.0.tbd; sourceTree = SDKROOT; };
		37B07BB51F6124B3007DFD18 /* YModel.h */ = {isa = PBXFileReference; fileEncoding = 4; lastKnownFileType = sourcecode.c.h; path = YModel.h; sourceTree = "<group>"; };
		37B07BB61F6124B3007DFD18 /* YModel.m */ = {isa = PBXFileReference; fileEncoding = 4; lastKnownFileType = sourcecode.c.objc; path = YModel.m; sourceTree = "<group>"; };
		37B07BBB1F6127D2007DFD18 /* YSqliteModelTool.h */ = {isa = PBXFileReference; fileEncoding = 4; lastKnownFileType = sourcecode.c.h; path = YSqliteModelTool.h; sourceTree = "<group>"; };
		37B07BBC1F6127D2007DFD18 /* YSqliteModelTool.m */ = {isa = PBXFileReference; fileEncoding = 4; lastKnownFileType = sourcecode.c.objc; path = YSqliteModelTool.m; sourceTree = "<group>"; };
		37B07BBE1F6129C2007DFD18 /* YModelTool.h */ = {isa = PBXFileReference; fileEncoding = 4; lastKnownFileType = sourcecode.c.h; path = YModelTool.h; sourceTree = "<group>"; };
		37B07BBF1F6129C2007DFD18 /* YModelTool.m */ = {isa = PBXFileReference; fileEncoding = 4; lastKnownFileType = sourcecode.c.objc; path = YModelTool.m; sourceTree = "<group>"; };
		37B07BC31F61302B007DFD18 /* YModelToolsTest.m */ = {isa = PBXFileReference; fileEncoding = 4; lastKnownFileType = sourcecode.c.objc; path = YModelToolsTest.m; sourceTree = "<group>"; };
		37B07BCC1F61498D007DFD18 /* YModelProtocol.h */ = {isa = PBXFileReference; fileEncoding = 4; lastKnownFileType = sourcecode.c.h; path = YModelProtocol.h; sourceTree = "<group>"; };
/* End PBXFileReference section */

/* Begin PBXFrameworksBuildPhase section */
		37B07B801F60DCBE007DFD18 /* Frameworks */ = {
			isa = PBXFrameworksBuildPhase;
			buildActionMask = 2147483647;
			files = (
				37B07BB11F60E74B007DFD18 /* libsqlite3.0.tbd in Frameworks */,
			);
			runOnlyForDeploymentPostprocessing = 0;
		};
		37B07B991F60DCBE007DFD18 /* Frameworks */ = {
			isa = PBXFrameworksBuildPhase;
			buildActionMask = 2147483647;
			files = (
			);
			runOnlyForDeploymentPostprocessing = 0;
		};
/* End PBXFrameworksBuildPhase section */

/* Begin PBXGroup section */
		37B07B7A1F60DCBE007DFD18 = {
			isa = PBXGroup;
			children = (
				37B07B851F60DCBE007DFD18 /* YSqliteLib */,
				37B07B9F1F60DCBE007DFD18 /* YSqliteLibTests */,
				37B07B841F60DCBE007DFD18 /* Products */,
				37B07BAF1F60E74B007DFD18 /* Frameworks */,
			);
			sourceTree = "<group>";
		};
		37B07B841F60DCBE007DFD18 /* Products */ = {
			isa = PBXGroup;
			children = (
				37B07B831F60DCBE007DFD18 /* YSqliteLib.app */,
				37B07B9C1F60DCBE007DFD18 /* YSqliteLibTests.xctest */,
			);
			name = Products;
			sourceTree = "<group>";
		};
		37B07B851F60DCBE007DFD18 /* YSqliteLib */ = {
			isa = PBXGroup;
			children = (
				37B07BAB1F60DEA6007DFD18 /* SqliteLib */,
				37B07B891F60DCBE007DFD18 /* AppDelegate.h */,
				37B07B8A1F60DCBE007DFD18 /* AppDelegate.m */,
				37B07B8C1F60DCBE007DFD18 /* ViewController.h */,
				37B07B8D1F60DCBE007DFD18 /* ViewController.m */,
				37B07BB51F6124B3007DFD18 /* YModel.h */,
				37B07BB61F6124B3007DFD18 /* YModel.m */,
				37B07B8F1F60DCBE007DFD18 /* Main.storyboard */,
				37B07B921F60DCBE007DFD18 /* Assets.xcassets */,
				37B07B941F60DCBE007DFD18 /* LaunchScreen.storyboard */,
				37B07B971F60DCBE007DFD18 /* Info.plist */,
				37B07B861F60DCBE007DFD18 /* Supporting Files */,
			);
			path = YSqliteLib;
			sourceTree = "<group>";
		};
		37B07B861F60DCBE007DFD18 /* Supporting Files */ = {
			isa = PBXGroup;
			children = (
				37B07B871F60DCBE007DFD18 /* main.m */,
			);
			name = "Supporting Files";
			sourceTree = "<group>";
		};
		37B07B9F1F60DCBE007DFD18 /* YSqliteLibTests */ = {
			isa = PBXGroup;
			children = (
				37B07BA01F60DCBE007DFD18 /* YSqliteLibTests.m */,
				37B07BC31F61302B007DFD18 /* YModelToolsTest.m */,
				37B07BA21F60DCBE007DFD18 /* Info.plist */,
			);
			path = YSqliteLibTests;
			sourceTree = "<group>";
		};
		37B07BAB1F60DEA6007DFD18 /* SqliteLib */ = {
			isa = PBXGroup;
			children = (
				37B07BAC1F60E724007DFD18 /* YSqliteTool.h */,
				37B07BAD1F60E724007DFD18 /* YSqliteTool.m */,
				37B07BBB1F6127D2007DFD18 /* YSqliteModelTool.h */,
				37B07BBC1F6127D2007DFD18 /* YSqliteModelTool.m */,
				37B07BBE1F6129C2007DFD18 /* YModelTool.h */,
				37B07BBF1F6129C2007DFD18 /* YModelTool.m */,
				372EF7A21F618481001BDE9A /* YTableTool.h */,
				372EF7A31F618481001BDE9A /* YTableTool.m */,
				37B07BCC1F61498D007DFD18 /* YModelProtocol.h */,
			);
			path = SqliteLib;
			sourceTree = "<group>";
		};
		37B07BAF1F60E74B007DFD18 /* Frameworks */ = {
			isa = PBXGroup;
			children = (
				37B07BB01F60E74B007DFD18 /* libsqlite3.0.tbd */,
			);
			name = Frameworks;
			sourceTree = "<group>";
		};
/* End PBXGroup section */

/* Begin PBXNativeTarget section */
		37B07B821F60DCBE007DFD18 /* YSqliteLib */ = {
			isa = PBXNativeTarget;
			buildConfigurationList = 37B07BA51F60DCBE007DFD18 /* Build configuration list for PBXNativeTarget "YSqliteLib" */;
			buildPhases = (
				37B07B7F1F60DCBE007DFD18 /* Sources */,
				37B07B801F60DCBE007DFD18 /* Frameworks */,
				37B07B811F60DCBE007DFD18 /* Resources */,
			);
			buildRules = (
			);
			dependencies = (
			);
			name = YSqliteLib;
			productName = YSqliteLib;
			productReference = 37B07B831F60DCBE007DFD18 /* YSqliteLib.app */;
			productType = "com.apple.product-type.application";
		};
		37B07B9B1F60DCBE007DFD18 /* YSqliteLibTests */ = {
			isa = PBXNativeTarget;
			buildConfigurationList = 37B07BA81F60DCBE007DFD18 /* Build configuration list for PBXNativeTarget "YSqliteLibTests" */;
			buildPhases = (
				37B07B981F60DCBE007DFD18 /* Sources */,
				37B07B991F60DCBE007DFD18 /* Frameworks */,
				37B07B9A1F60DCBE007DFD18 /* Resources */,
			);
			buildRules = (
			);
			dependencies = (
				37B07B9E1F60DCBE007DFD18 /* PBXTargetDependency */,
			);
			name = YSqliteLibTests;
			productName = YSqliteLibTests;
			productReference = 37B07B9C1F60DCBE007DFD18 /* YSqliteLibTests.xctest */;
			productType = "com.apple.product-type.bundle.unit-test";
		};
/* End PBXNativeTarget section */

/* Begin PBXProject section */
		37B07B7B1F60DCBE007DFD18 /* Project object */ = {
			isa = PBXProject;
			attributes = {
				LastUpgradeCheck = 0830;
				ORGANIZATIONNAME = Allison;
				TargetAttributes = {
					37B07B821F60DCBE007DFD18 = {
						CreatedOnToolsVersion = 8.3.1;
						DevelopmentTeam = FS3S833WQ7;
						ProvisioningStyle = Automatic;
					};
					37B07B9B1F60DCBE007DFD18 = {
						CreatedOnToolsVersion = 8.3.1;
						ProvisioningStyle = Automatic;
						TestTargetID = 37B07B821F60DCBE007DFD18;
					};
				};
			};
			buildConfigurationList = 37B07B7E1F60DCBE007DFD18 /* Build configuration list for PBXProject "YSqliteLib" */;
			compatibilityVersion = "Xcode 3.2";
			developmentRegion = English;
			hasScannedForEncodings = 0;
			knownRegions = (
				en,
				Base,
			);
			mainGroup = 37B07B7A1F60DCBE007DFD18;
			productRefGroup = 37B07B841F60DCBE007DFD18 /* Products */;
			projectDirPath = "";
			projectRoot = "";
			targets = (
				37B07B821F60DCBE007DFD18 /* YSqliteLib */,
				37B07B9B1F60DCBE007DFD18 /* YSqliteLibTests */,
			);
		};
/* End PBXProject section */

/* Begin PBXResourcesBuildPhase section */
		37B07B811F60DCBE007DFD18 /* Resources */ = {
			isa = PBXResourcesBuildPhase;
			buildActionMask = 2147483647;
			files = (
				37B07B961F60DCBE007DFD18 /* LaunchScreen.storyboard in Resources */,
				37B07B931F60DCBE007DFD18 /* Assets.xcassets in Resources */,
				37B07B911F60DCBE007DFD18 /* Main.storyboard in Resources */,
			);
			runOnlyForDeploymentPostprocessing = 0;
		};
		37B07B9A1F60DCBE007DFD18 /* Resources */ = {
			isa = PBXResourcesBuildPhase;
			buildActionMask = 2147483647;
			files = (
			);
			runOnlyForDeploymentPostprocessing = 0;
		};
/* End PBXResourcesBuildPhase section */

/* Begin PBXSourcesBuildPhase section */
		37B07B7F1F60DCBE007DFD18 /* Sources */ = {
			isa = PBXSourcesBuildPhase;
			buildActionMask = 2147483647;
			files = (
				37B07B8E1F60DCBE007DFD18 /* ViewController.m in Sources */,
				37B07BBD1F6127D2007DFD18 /* YSqliteModelTool.m in Sources */,
				37B07BB71F6124B3007DFD18 /* YModel.m in Sources */,
				37B07BAE1F60E724007DFD18 /* YSqliteTool.m in Sources */,
				37B07BC01F6129C2007DFD18 /* YModelTool.m in Sources */,
				37B07B8B1F60DCBE007DFD18 /* AppDelegate.m in Sources */,
				372EF7A41F618481001BDE9A /* YTableTool.m in Sources */,
				37B07B881F60DCBE007DFD18 /* main.m in Sources */,
			);
			runOnlyForDeploymentPostprocessing = 0;
		};
		37B07B981F60DCBE007DFD18 /* Sources */ = {
			isa = PBXSourcesBuildPhase;
			buildActionMask = 2147483647;
			files = (
				37B07BA11F60DCBE007DFD18 /* YSqliteLibTests.m in Sources */,
				37B07BC41F61302B007DFD18 /* YModelToolsTest.m in Sources */,
			);
			runOnlyForDeploymentPostprocessing = 0;
		};
/* End PBXSourcesBuildPhase section */

/* Begin PBXTargetDependency section */
		37B07B9E1F60DCBE007DFD18 /* PBXTargetDependency */ = {
			isa = PBXTargetDependency;
			target = 37B07B821F60DCBE007DFD18 /* YSqliteLib */;
			targetProxy = 37B07B9D1F60DCBE007DFD18 /* PBXContainerItemProxy */;
		};
/* End PBXTargetDependency section */

/* Begin PBXVariantGroup section */
		37B07B8F1F60DCBE007DFD18 /* Main.storyboard */ = {
			isa = PBXVariantGroup;
			children = (
				37B07B901F60DCBE007DFD18 /* Base */,
			);
			name = Main.storyboard;
			sourceTree = "<group>";
		};
		37B07B941F60DCBE007DFD18 /* LaunchScreen.storyboard */ = {
			isa = PBXVariantGroup;
			children = (
				37B07B951F60DCBE007DFD18 /* Base */,
			);
			name = LaunchScreen.storyboard;
			sourceTree = "<group>";
		};
/* End PBXVariantGroup section */

/* Begin XCBuildConfiguration section */
		37B07BA31F60DCBE007DFD18 /* Debug */ = {
			isa = XCBuildConfiguration;
			buildSettings = {
				ALWAYS_SEARCH_USER_PATHS = NO;
				CLANG_ANALYZER_NONNULL = YES;
				CLANG_ANALYZER_NUMBER_OBJECT_CONVERSION = YES_AGGRESSIVE;
				CLANG_CXX_LANGUAGE_STANDARD = "gnu++0x";
				CLANG_CXX_LIBRARY = "libc++";
				CLANG_ENABLE_MODULES = YES;
				CLANG_ENABLE_OBJC_ARC = YES;
				CLANG_WARN_BOOL_CONVERSION = YES;
				CLANG_WARN_CONSTANT_CONVERSION = YES;
				CLANG_WARN_DIRECT_OBJC_ISA_USAGE = YES_ERROR;
				CLANG_WARN_DOCUMENTATION_COMMENTS = YES;
				CLANG_WARN_EMPTY_BODY = YES;
				CLANG_WARN_ENUM_CONVERSION = YES;
				CLANG_WARN_INFINITE_RECURSION = YES;
				CLANG_WARN_INT_CONVERSION = YES;
				CLANG_WARN_OBJC_ROOT_CLASS = YES_ERROR;
				CLANG_WARN_SUSPICIOUS_MOVE = YES;
				CLANG_WARN_UNREACHABLE_CODE = YES;
				CLANG_WARN__DUPLICATE_METHOD_MATCH = YES;
				"CODE_SIGN_IDENTITY[sdk=iphoneos*]" = "iPhone Developer";
				COPY_PHASE_STRIP = NO;
				DEBUG_INFORMATION_FORMAT = dwarf;
				ENABLE_STRICT_OBJC_MSGSEND = YES;
				ENABLE_TESTABILITY = YES;
				GCC_C_LANGUAGE_STANDARD = gnu99;
				GCC_DYNAMIC_NO_PIC = NO;
				GCC_NO_COMMON_BLOCKS = YES;
				GCC_OPTIMIZATION_LEVEL = 0;
				GCC_PREPROCESSOR_DEFINITIONS = (
					"DEBUG=1",
					"$(inherited)",
				);
				GCC_WARN_64_TO_32_BIT_CONVERSION = YES;
				GCC_WARN_ABOUT_RETURN_TYPE = YES_ERROR;
				GCC_WARN_UNDECLARED_SELECTOR = YES;
				GCC_WARN_UNINITIALIZED_AUTOS = YES_AGGRESSIVE;
				GCC_WARN_UNUSED_FUNCTION = YES;
				GCC_WARN_UNUSED_VARIABLE = YES;
				IPHONEOS_DEPLOYMENT_TARGET = 10.3;
				MTL_ENABLE_DEBUG_INFO = YES;
				ONLY_ACTIVE_ARCH = YES;
				SDKROOT = iphoneos;
			};
			name = Debug;
		};
		37B07BA41F60DCBE007DFD18 /* Release */ = {
			isa = XCBuildConfiguration;
			buildSettings = {
				ALWAYS_SEARCH_USER_PATHS = NO;
				CLANG_ANALYZER_NONNULL = YES;
				CLANG_ANALYZER_NUMBER_OBJECT_CONVERSION = YES_AGGRESSIVE;
				CLANG_CXX_LANGUAGE_STANDARD = "gnu++0x";
				CLANG_CXX_LIBRARY = "libc++";
				CLANG_ENABLE_MODULES = YES;
				CLANG_ENABLE_OBJC_ARC = YES;
				CLANG_WARN_BOOL_CONVERSION = YES;
				CLANG_WARN_CONSTANT_CONVERSION = YES;
				CLANG_WARN_DIRECT_OBJC_ISA_USAGE = YES_ERROR;
				CLANG_WARN_DOCUMENTATION_COMMENTS = YES;
				CLANG_WARN_EMPTY_BODY = YES;
				CLANG_WARN_ENUM_CONVERSION = YES;
				CLANG_WARN_INFINITE_RECURSION = YES;
				CLANG_WARN_INT_CONVERSION = YES;
				CLANG_WARN_OBJC_ROOT_CLASS = YES_ERROR;
				CLANG_WARN_SUSPICIOUS_MOVE = YES;
				CLANG_WARN_UNREACHABLE_CODE = YES;
				CLANG_WARN__DUPLICATE_METHOD_MATCH = YES;
				"CODE_SIGN_IDENTITY[sdk=iphoneos*]" = "iPhone Developer";
				COPY_PHASE_STRIP = NO;
				DEBUG_INFORMATION_FORMAT = "dwarf-with-dsym";
				ENABLE_NS_ASSERTIONS = NO;
				ENABLE_STRICT_OBJC_MSGSEND = YES;
				GCC_C_LANGUAGE_STANDARD = gnu99;
				GCC_NO_COMMON_BLOCKS = YES;
				GCC_WARN_64_TO_32_BIT_CONVERSION = YES;
				GCC_WARN_ABOUT_RETURN_TYPE = YES_ERROR;
				GCC_WARN_UNDECLARED_SELECTOR = YES;
				GCC_WARN_UNINITIALIZED_AUTOS = YES_AGGRESSIVE;
				GCC_WARN_UNUSED_FUNCTION = YES;
				GCC_WARN_UNUSED_VARIABLE = YES;
				IPHONEOS_DEPLOYMENT_TARGET = 10.3;
				MTL_ENABLE_DEBUG_INFO = NO;
				SDKROOT = iphoneos;
				VALIDATE_PRODUCT = YES;
			};
			name = Release;
		};
		37B07BA61F60DCBE007DFD18 /* Debug */ = {
			isa = XCBuildConfiguration;
			buildSettings = {
				ASSETCATALOG_COMPILER_APPICON_NAME = AppIcon;
				DEVELOPMENT_TEAM = FS3S833WQ7;
				INFOPLIST_FILE = YSqliteLib/Info.plist;
				LD_RUNPATH_SEARCH_PATHS = "$(inherited) @executable_path/Frameworks";
				PRODUCT_BUNDLE_IDENTIFIER = woasis.YSqliteLib;
				PRODUCT_NAME = "$(TARGET_NAME)";
			};
			name = Debug;
		};
		37B07BA71F60DCBE007DFD18 /* Release */ = {
			isa = XCBuildConfiguration;
			buildSettings = {
				ASSETCATALOG_COMPILER_APPICON_NAME = AppIcon;
				DEVELOPMENT_TEAM = FS3S833WQ7;
				INFOPLIST_FILE = YSqliteLib/Info.plist;
				LD_RUNPATH_SEARCH_PATHS = "$(inherited) @executable_path/Frameworks";
				PRODUCT_BUNDLE_IDENTIFIER = woasis.YSqliteLib;
				PRODUCT_NAME = "$(TARGET_NAME)";
			};
			name = Release;
		};
		37B07BA91F60DCBE007DFD18 /* Debug */ = {
			isa = XCBuildConfiguration;
			buildSettings = {
				BUNDLE_LOADER = "$(TEST_HOST)";
				INFOPLIST_FILE = YSqliteLibTests/Info.plist;
				LD_RUNPATH_SEARCH_PATHS = "$(inherited) @executable_path/Frameworks @loader_path/Frameworks";
				PRODUCT_BUNDLE_IDENTIFIER = woasis.YSqliteLibTests;
				PRODUCT_NAME = "$(TARGET_NAME)";
				TEST_HOST = "$(BUILT_PRODUCTS_DIR)/YSqliteLib.app/YSqliteLib";
			};
			name = Debug;
		};
		37B07BAA1F60DCBE007DFD18 /* Release */ = {
			isa = XCBuildConfiguration;
			buildSettings = {
				BUNDLE_LOADER = "$(TEST_HOST)";
				INFOPLIST_FILE = YSqliteLibTests/Info.plist;
				LD_RUNPATH_SEARCH_PATHS = "$(inherited) @executable_path/Frameworks @loader_path/Frameworks";
				PRODUCT_BUNDLE_IDENTIFIER = woasis.YSqliteLibTests;
				PRODUCT_NAME = "$(TARGET_NAME)";
				TEST_HOST = "$(BUILT_PRODUCTS_DIR)/YSqliteLib.app/YSqliteLib";
			};
			name = Release;
		};
/* End XCBuildConfiguration section */

/* Begin XCConfigurationList section */
		37B07B7E1F60DCBE007DFD18 /* Build configuration list for PBXProject "YSqliteLib" */ = {
			isa = XCConfigurationList;
			buildConfigurations = (
				37B07BA31F60DCBE007DFD18 /* Debug */,
				37B07BA41F60DCBE007DFD18 /* Release */,
			);
			defaultConfigurationIsVisible = 0;
			defaultConfigurationName = Release;
		};
		37B07BA51F60DCBE007DFD18 /* Build configuration list for PBXNativeTarget "YSqliteLib" */ = {
			isa = XCConfigurationList;
			buildConfigurations = (
				37B07BA61F60DCBE007DFD18 /* Debug */,
				37B07BA71F60DCBE007DFD18 /* Release */,
			);
			defaultConfigurationIsVisible = 0;
			defaultConfigurationName = Release;
		};
		37B07BA81F60DCBE007DFD18 /* Build configuration list for PBXNativeTarget "YSqliteLibTests" */ = {
			isa = XCConfigurationList;
			buildConfigurations = (
				37B07BA91F60DCBE007DFD18 /* Debug */,
				37B07BAA1F60DCBE007DFD18 /* Release */,
			);
			defaultConfigurationIsVisible = 0;
			defaultConfigurationName = Release;
		};
/* End XCConfigurationList section */
	};
	rootObject = 37B07B7B1F60DCBE007DFD18 /* Project object */;
}
