// !$*UTF8*$!
{
	archiveVersion = 1;
	classes = {
	};
	objectVersion = 46;
	objects = {

/* Begin PBXBuildFile section */
		2356C62D9BAA4AEE6CC65A78 /* libPods-FMDBMigrationManagerDemoTests.a in Frameworks */ = {isa = PBXBuildFile; fileRef = 7F8EBFA110E41306E785698B /* libPods-FMDBMigrationManagerDemoTests.a */; };
		37466CF61F4E6D1400B09936 /* main.m in Sources */ = {isa = PBXBuildFile; fileRef = 37466CF51F4E6D1400B09936 /* main.m */; };
		37466CF91F4E6D1400B09936 /* AppDelegate.m in Sources */ = {isa = PBXBuildFile; fileRef = 37466CF81F4E6D1400B09936 /* AppDelegate.m */; };
		37466CFC1F4E6D1400B09936 /* ViewController.m in Sources */ = {isa = PBXBuildFile; fileRef = 37466CFB1F4E6D1400B09936 /* ViewController.m */; };
		37466CFF1F4E6D1400B09936 /* Main.storyboard in Resources */ = {isa = PBXBuildFile; fileRef = 37466CFD1F4E6D1400B09936 /* Main.storyboard */; };
		37466D011F4E6D1400B09936 /* Assets.xcassets in Resources */ = {isa = PBXBuildFile; fileRef = 37466D001F4E6D1400B09936 /* Assets.xcassets */; };
		37466D041F4E6D1400B09936 /* LaunchScreen.storyboard in Resources */ = {isa = PBXBuildFile; fileRef = 37466D021F4E6D1400B09936 /* LaunchScreen.storyboard */; };
		37466D0F1F4E6D1400B09936 /* FMDBMigrationManagerDemoTests.m in Sources */ = {isa = PBXBuildFile; fileRef = 37466D0E1F4E6D1400B09936 /* FMDBMigrationManagerDemoTests.m */; };
		3792406E1F50277800513D1C /* Migration.m in Sources */ = {isa = PBXBuildFile; fileRef = 3792406D1F50277800513D1C /* Migration.m */; };
		887B768CF6F2AB134F5D2971 /* libPods-FMDBMigrationManagerDemo.a in Frameworks */ = {isa = PBXBuildFile; fileRef = 3D98E2378BBC7083B7376CB5 /* libPods-FMDBMigrationManagerDemo.a */; };
/* End PBXBuildFile section */

/* Begin PBXContainerItemProxy section */
		37466D0B1F4E6D1400B09936 /* PBXContainerItemProxy */ = {
			isa = PBXContainerItemProxy;
			containerPortal = 37466CE91F4E6D1400B09936 /* Project object */;
			proxyType = 1;
			remoteGlobalIDString = 37466CF01F4E6D1400B09936;
			remoteInfo = FMDBMigrationManagerDemo;
		};
/* End PBXContainerItemProxy section */

/* Begin PBXFileReference section */
		09CC61B4E193B92689EA6ACF /* Pods-FMDBMigrationManagerDemoTests.debug.xcconfig */ = {isa = PBXFileReference; includeInIndex = 1; lastKnownFileType = text.xcconfig; name = "Pods-FMDBMigrationManagerDemoTests.debug.xcconfig"; path = "Pods/Target Support Files/Pods-FMDBMigrationManagerDemoTests/Pods-FMDBMigrationManagerDemoTests.debug.xcconfig"; sourceTree = "<group>"; };
		37466CF11F4E6D1400B09936 /* FMDBMigrationManagerDemo.app */ = {isa = PBXFileReference; explicitFileType = wrapper.application; includeInIndex = 0; path = FMDBMigrationManagerDemo.app; sourceTree = BUILT_PRODUCTS_DIR; };
		37466CF51F4E6D1400B09936 /* main.m */ = {isa = PBXFileReference; lastKnownFileType = sourcecode.c.objc; path = main.m; sourceTree = "<group>"; };
		37466CF71F4E6D1400B09936 /* AppDelegate.h */ = {isa = PBXFileReference; lastKnownFileType = sourcecode.c.h; path = AppDelegate.h; sourceTree = "<group>"; };
		37466CF81F4E6D1400B09936 /* AppDelegate.m */ = {isa = PBXFileReference; lastKnownFileType = sourcecode.c.objc; path = AppDelegate.m; sourceTree = "<group>"; };
		37466CFA1F4E6D1400B09936 /* ViewController.h */ = {isa = PBXFileReference; lastKnownFileType = sourcecode.c.h; path = ViewController.h; sourceTree = "<group>"; };
		37466CFB1F4E6D1400B09936 /* ViewController.m */ = {isa = PBXFileReference; lastKnownFileType = sourcecode.c.objc; path = ViewController.m; sourceTree = "<group>"; };
		37466CFE1F4E6D1400B09936 /* Base */ = {isa = PBXFileReference; lastKnownFileType = file.storyboard; name = Base; path = Base.lproj/Main.storyboard; sourceTree = "<group>"; };
		37466D001F4E6D1400B09936 /* Assets.xcassets */ = {isa = PBXFileReference; lastKnownFileType = folder.assetcatalog; path = Assets.xcassets; sourceTree = "<group>"; };
		37466D031F4E6D1400B09936 /* Base */ = {isa = PBXFileReference; lastKnownFileType = file.storyboard; name = Base; path = Base.lproj/LaunchScreen.storyboard; sourceTree = "<group>"; };
		37466D051F4E6D1400B09936 /* Info.plist */ = {isa = PBXFileReference; lastKnownFileType = text.plist.xml; path = Info.plist; sourceTree = "<group>"; };
		37466D0A1F4E6D1400B09936 /* FMDBMigrationManagerDemoTests.xctest */ = {isa = PBXFileReference; explicitFileType = wrapper.cfbundle; includeInIndex = 0; path = FMDBMigrationManagerDemoTests.xctest; sourceTree = BUILT_PRODUCTS_DIR; };
		37466D0E1F4E6D1400B09936 /* FMDBMigrationManagerDemoTests.m */ = {isa = PBXFileReference; lastKnownFileType = sourcecode.c.objc; path = FMDBMigrationManagerDemoTests.m; sourceTree = "<group>"; };
		37466D101F4E6D1400B09936 /* Info.plist */ = {isa = PBXFileReference; lastKnownFileType = text.plist.xml; path = Info.plist; sourceTree = "<group>"; };
		3792406C1F50277800513D1C /* Migration.h */ = {isa = PBXFileReference; fileEncoding = 4; lastKnownFileType = sourcecode.c.h; path = Migration.h; sourceTree = "<group>"; };
		3792406D1F50277800513D1C /* Migration.m */ = {isa = PBXFileReference; fileEncoding = 4; lastKnownFileType = sourcecode.c.objc; path = Migration.m; sourceTree = "<group>"; };
		3D98E2378BBC7083B7376CB5 /* libPods-FMDBMigrationManagerDemo.a */ = {isa = PBXFileReference; explicitFileType = archive.ar; includeInIndex = 0; path = "libPods-FMDBMigrationManagerDemo.a"; sourceTree = BUILT_PRODUCTS_DIR; };
		4462CD93A6847D1480F5D340 /* Pods-FMDBMigrationManagerDemoTests.release.xcconfig */ = {isa = PBXFileReference; includeInIndex = 1; lastKnownFileType = text.xcconfig; name = "Pods-FMDBMigrationManagerDemoTests.release.xcconfig"; path = "Pods/Target Support Files/Pods-FMDBMigrationManagerDemoTests/Pods-FMDBMigrationManagerDemoTests.release.xcconfig"; sourceTree = "<group>"; };
		4BCA014503443221D90F7968 /* Pods-FMDBMigrationManagerDemo.debug.xcconfig */ = {isa = PBXFileReference; includeInIndex = 1; lastKnownFileType = text.xcconfig; name = "Pods-FMDBMigrationManagerDemo.debug.xcconfig"; path = "Pods/Target Support Files/Pods-FMDBMigrationManagerDemo/Pods-FMDBMigrationManagerDemo.debug.xcconfig"; sourceTree = "<group>"; };
		68ACBF8168B03897D3261037 /* Pods-FMDBMigrationManagerDemo.release.xcconfig */ = {isa = PBXFileReference; includeInIndex = 1; lastKnownFileType = text.xcconfig; name = "Pods-FMDBMigrationManagerDemo.release.xcconfig"; path = "Pods/Target Support Files/Pods-FMDBMigrationManagerDemo/Pods-FMDBMigrationManagerDemo.release.xcconfig"; sourceTree = "<group>"; };
		7F8EBFA110E41306E785698B /* libPods-FMDBMigrationManagerDemoTests.a */ = {isa = PBXFileReference; explicitFileType = archive.ar; includeInIndex = 0; path = "libPods-FMDBMigrationManagerDemoTests.a"; sourceTree = BUILT_PRODUCTS_DIR; };
/* End PBXFileReference section */

/* Begin PBXFrameworksBuildPhase section */
		37466CEE1F4E6D1400B09936 /* Frameworks */ = {
			isa = PBXFrameworksBuildPhase;
			buildActionMask = 2147483647;
			files = (
				887B768CF6F2AB134F5D2971 /* libPods-FMDBMigrationManagerDemo.a in Frameworks */,
			);
			runOnlyForDeploymentPostprocessing = 0;
		};
		37466D071F4E6D1400B09936 /* Frameworks */ = {
			isa = PBXFrameworksBuildPhase;
			buildActionMask = 2147483647;
			files = (
				2356C62D9BAA4AEE6CC65A78 /* libPods-FMDBMigrationManagerDemoTests.a in Frameworks */,
			);
			runOnlyForDeploymentPostprocessing = 0;
		};
/* End PBXFrameworksBuildPhase section */

/* Begin PBXGroup section */
		2901A23FB0D1C03D09718342 /* Pods */ = {
			isa = PBXGroup;
			children = (
				4BCA014503443221D90F7968 /* Pods-FMDBMigrationManagerDemo.debug.xcconfig */,
				68ACBF8168B03897D3261037 /* Pods-FMDBMigrationManagerDemo.release.xcconfig */,
				09CC61B4E193B92689EA6ACF /* Pods-FMDBMigrationManagerDemoTests.debug.xcconfig */,
				4462CD93A6847D1480F5D340 /* Pods-FMDBMigrationManagerDemoTests.release.xcconfig */,
			);
			name = Pods;
			sourceTree = "<group>";
		};
		2EB7E9CB12F68B9002B003AA /* Frameworks */ = {
			isa = PBXGroup;
			children = (
				3D98E2378BBC7083B7376CB5 /* libPods-FMDBMigrationManagerDemo.a */,
				7F8EBFA110E41306E785698B /* libPods-FMDBMigrationManagerDemoTests.a */,
			);
			name = Frameworks;
			sourceTree = "<group>";
		};
		37466CE81F4E6D1400B09936 = {
			isa = PBXGroup;
			children = (
				37466CF31F4E6D1400B09936 /* FMDBMigrationManagerDemo */,
				37466D0D1F4E6D1400B09936 /* FMDBMigrationManagerDemoTests */,
				37466CF21F4E6D1400B09936 /* Products */,
				2901A23FB0D1C03D09718342 /* Pods */,
				2EB7E9CB12F68B9002B003AA /* Frameworks */,
			);
			sourceTree = "<group>";
		};
		37466CF21F4E6D1400B09936 /* Products */ = {
			isa = PBXGroup;
			children = (
				37466CF11F4E6D1400B09936 /* FMDBMigrationManagerDemo.app */,
				37466D0A1F4E6D1400B09936 /* FMDBMigrationManagerDemoTests.xctest */,
			);
			name = Products;
			sourceTree = "<group>";
		};
		37466CF31F4E6D1400B09936 /* FMDBMigrationManagerDemo */ = {
			isa = PBXGroup;
			children = (
				3792406C1F50277800513D1C /* Migration.h */,
				3792406D1F50277800513D1C /* Migration.m */,
				37466CF71F4E6D1400B09936 /* AppDelegate.h */,
				37466CF81F4E6D1400B09936 /* AppDelegate.m */,
				37466CFA1F4E6D1400B09936 /* ViewController.h */,
				37466CFB1F4E6D1400B09936 /* ViewController.m */,
				37466CFD1F4E6D1400B09936 /* Main.storyboard */,
				37466D001F4E6D1400B09936 /* Assets.xcassets */,
				37466D021F4E6D1400B09936 /* LaunchScreen.storyboard */,
				37466D051F4E6D1400B09936 /* Info.plist */,
				37466CF41F4E6D1400B09936 /* Supporting Files */,
			);
			path = FMDBMigrationManagerDemo;
			sourceTree = "<group>";
		};
		37466CF41F4E6D1400B09936 /* Supporting Files */ = {
			isa = PBXGroup;
			children = (
				37466CF51F4E6D1400B09936 /* main.m */,
			);
			name = "Supporting Files";
			sourceTree = "<group>";
		};
		37466D0D1F4E6D1400B09936 /* FMDBMigrationManagerDemoTests */ = {
			isa = PBXGroup;
			children = (
				37466D0E1F4E6D1400B09936 /* FMDBMigrationManagerDemoTests.m */,
				37466D101F4E6D1400B09936 /* Info.plist */,
			);
			path = FMDBMigrationManagerDemoTests;
			sourceTree = "<group>";
		};
/* End PBXGroup section */

/* Begin PBXNativeTarget section */
		37466CF01F4E6D1400B09936 /* FMDBMigrationManagerDemo */ = {
			isa = PBXNativeTarget;
			buildConfigurationList = 37466D131F4E6D1400B09936 /* Build configuration list for PBXNativeTarget "FMDBMigrationManagerDemo" */;
			buildPhases = (
				A80B01D1AECC59F28703016D /* [CP] Check Pods Manifest.lock */,
				37466CED1F4E6D1400B09936 /* Sources */,
				37466CEE1F4E6D1400B09936 /* Frameworks */,
				37466CEF1F4E6D1400B09936 /* Resources */,
				38CE1CC3E162283DA53EC84E /* [CP] Embed Pods Frameworks */,
				87A332E86BC5C082544A838C /* [CP] Copy Pods Resources */,
			);
			buildRules = (
			);
			dependencies = (
			);
			name = FMDBMigrationManagerDemo;
			productName = FMDBMigrationManagerDemo;
			productReference = 37466CF11F4E6D1400B09936 /* FMDBMigrationManagerDemo.app */;
			productType = "com.apple.product-type.application";
		};
		37466D091F4E6D1400B09936 /* FMDBMigrationManagerDemoTests */ = {
			isa = PBXNativeTarget;
			buildConfigurationList = 37466D161F4E6D1400B09936 /* Build configuration list for PBXNativeTarget "FMDBMigrationManagerDemoTests" */;
			buildPhases = (
				3E1B1C0DF01B8829B0AF3C06 /* [CP] Check Pods Manifest.lock */,
				37466D061F4E6D1400B09936 /* Sources */,
				37466D071F4E6D1400B09936 /* Frameworks */,
				37466D081F4E6D1400B09936 /* Resources */,
				DB8094E3B4B038BD28CAEB4A /* [CP] Embed Pods Frameworks */,
				A4EDF4563C865491BBA07B43 /* [CP] Copy Pods Resources */,
			);
			buildRules = (
			);
			dependencies = (
				37466D0C1F4E6D1400B09936 /* PBXTargetDependency */,
			);
			name = FMDBMigrationManagerDemoTests;
			productName = FMDBMigrationManagerDemoTests;
			productReference = 37466D0A1F4E6D1400B09936 /* FMDBMigrationManagerDemoTests.xctest */;
			productType = "com.apple.product-type.bundle.unit-test";
		};
/* End PBXNativeTarget section */

/* Begin PBXProject section */
		37466CE91F4E6D1400B09936 /* Project object */ = {
			isa = PBXProject;
			attributes = {
				LastUpgradeCheck = 0830;
				ORGANIZATIONNAME = Allison;
				TargetAttributes = {
					37466CF01F4E6D1400B09936 = {
						CreatedOnToolsVersion = 8.3.1;
						ProvisioningStyle = Automatic;
					};
					37466D091F4E6D1400B09936 = {
						CreatedOnToolsVersion = 8.3.1;
						ProvisioningStyle = Automatic;
						TestTargetID = 37466CF01F4E6D1400B09936;
					};
				};
			};
			buildConfigurationList = 37466CEC1F4E6D1400B09936 /* Build configuration list for PBXProject "FMDBMigrationManagerDemo" */;
			compatibilityVersion = "Xcode 3.2";
			developmentRegion = English;
			hasScannedForEncodings = 0;
			knownRegions = (
				en,
				Base,
			);
			mainGroup = 37466CE81F4E6D1400B09936;
			productRefGroup = 37466CF21F4E6D1400B09936 /* Products */;
			projectDirPath = "";
			projectRoot = "";
			targets = (
				37466CF01F4E6D1400B09936 /* FMDBMigrationManagerDemo */,
				37466D091F4E6D1400B09936 /* FMDBMigrationManagerDemoTests */,
			);
		};
/* End PBXProject section */

/* Begin PBXResourcesBuildPhase section */
		37466CEF1F4E6D1400B09936 /* Resources */ = {
			isa = PBXResourcesBuildPhase;
			buildActionMask = 2147483647;
			files = (
				37466D041F4E6D1400B09936 /* LaunchScreen.storyboard in Resources */,
				37466D011F4E6D1400B09936 /* Assets.xcassets in Resources */,
				37466CFF1F4E6D1400B09936 /* Main.storyboard in Resources */,
			);
			runOnlyForDeploymentPostprocessing = 0;
		};
		37466D081F4E6D1400B09936 /* Resources */ = {
			isa = PBXResourcesBuildPhase;
			buildActionMask = 2147483647;
			files = (
			);
			runOnlyForDeploymentPostprocessing = 0;
		};
/* End PBXResourcesBuildPhase section */

/* Begin PBXShellScriptBuildPhase section */
		38CE1CC3E162283DA53EC84E /* [CP] Embed Pods Frameworks */ = {
			isa = PBXShellScriptBuildPhase;
			buildActionMask = 2147483647;
			files = (
			);
			inputPaths = (
			);
			name = "[CP] Embed Pods Frameworks";
			outputPaths = (
			);
			runOnlyForDeploymentPostprocessing = 0;
			shellPath = /bin/sh;
			shellScript = "\"${SRCROOT}/Pods/Target Support Files/Pods-FMDBMigrationManagerDemo/Pods-FMDBMigrationManagerDemo-frameworks.sh\"\n";
			showEnvVarsInLog = 0;
		};
		3E1B1C0DF01B8829B0AF3C06 /* [CP] Check Pods Manifest.lock */ = {
			isa = PBXShellScriptBuildPhase;
			buildActionMask = 2147483647;
			files = (
			);
			inputPaths = (
			);
			name = "[CP] Check Pods Manifest.lock";
			outputPaths = (
			);
			runOnlyForDeploymentPostprocessing = 0;
			shellPath = /bin/sh;
			shellScript = "diff \"${PODS_PODFILE_DIR_PATH}/Podfile.lock\" \"${PODS_ROOT}/Manifest.lock\" > /dev/null\nif [ $? != 0 ] ; then\n    # print error to STDERR\n    echo \"error: The sandbox is not in sync with the Podfile.lock. Run 'pod install' or update your CocoaPods installation.\" >&2\n    exit 1\nfi\n";
			showEnvVarsInLog = 0;
		};
		87A332E86BC5C082544A838C /* [CP] Copy Pods Resources */ = {
			isa = PBXShellScriptBuildPhase;
			buildActionMask = 2147483647;
			files = (
			);
			inputPaths = (
			);
			name = "[CP] Copy Pods Resources";
			outputPaths = (
			);
			runOnlyForDeploymentPostprocessing = 0;
			shellPath = /bin/sh;
			shellScript = "\"${SRCROOT}/Pods/Target Support Files/Pods-FMDBMigrationManagerDemo/Pods-FMDBMigrationManagerDemo-resources.sh\"\n";
			showEnvVarsInLog = 0;
		};
		A4EDF4563C865491BBA07B43 /* [CP] Copy Pods Resources */ = {
			isa = PBXShellScriptBuildPhase;
			buildActionMask = 2147483647;
			files = (
			);
			inputPaths = (
			);
			name = "[CP] Copy Pods Resources";
			outputPaths = (
			);
			runOnlyForDeploymentPostprocessing = 0;
			shellPath = /bin/sh;
			shellScript = "\"${SRCROOT}/Pods/Target Support Files/Pods-FMDBMigrationManagerDemoTests/Pods-FMDBMigrationManagerDemoTests-resources.sh\"\n";
			showEnvVarsInLog = 0;
		};
		A80B01D1AECC59F28703016D /* [CP] Check Pods Manifest.lock */ = {
			isa = PBXShellScriptBuildPhase;
			buildActionMask = 2147483647;
			files = (
			);
			inputPaths = (
			);
			name = "[CP] Check Pods Manifest.lock";
			outputPaths = (
			);
			runOnlyForDeploymentPostprocessing = 0;
			shellPath = /bin/sh;
			shellScript = "diff \"${PODS_PODFILE_DIR_PATH}/Podfile.lock\" \"${PODS_ROOT}/Manifest.lock\" > /dev/null\nif [ $? != 0 ] ; then\n    # print error to STDERR\n    echo \"error: The sandbox is not in sync with the Podfile.lock. Run 'pod install' or update your CocoaPods installation.\" >&2\n    exit 1\nfi\n";
			showEnvVarsInLog = 0;
		};
		DB8094E3B4B038BD28CAEB4A /* [CP] Embed Pods Frameworks */ = {
			isa = PBXShellScriptBuildPhase;
			buildActionMask = 2147483647;
			files = (
			);
			inputPaths = (
			);
			name = "[CP] Embed Pods Frameworks";
			outputPaths = (
			);
			runOnlyForDeploymentPostprocessing = 0;
			shellPath = /bin/sh;
			shellScript = "\"${SRCROOT}/Pods/Target Support Files/Pods-FMDBMigrationManagerDemoTests/Pods-FMDBMigrationManagerDemoTests-frameworks.sh\"\n";
			showEnvVarsInLog = 0;
		};
/* End PBXShellScriptBuildPhase section */

/* Begin PBXSourcesBuildPhase section */
		37466CED1F4E6D1400B09936 /* Sources */ = {
			isa = PBXSourcesBuildPhase;
			buildActionMask = 2147483647;
			files = (
				3792406E1F50277800513D1C /* Migration.m in Sources */,
				37466CFC1F4E6D1400B09936 /* ViewController.m in Sources */,
				37466CF91F4E6D1400B09936 /* AppDelegate.m in Sources */,
				37466CF61F4E6D1400B09936 /* main.m in Sources */,
			);
			runOnlyForDeploymentPostprocessing = 0;
		};
		37466D061F4E6D1400B09936 /* Sources */ = {
			isa = PBXSourcesBuildPhase;
			buildActionMask = 2147483647;
			files = (
				37466D0F1F4E6D1400B09936 /* FMDBMigrationManagerDemoTests.m in Sources */,
			);
			runOnlyForDeploymentPostprocessing = 0;
		};
/* End PBXSourcesBuildPhase section */

/* Begin PBXTargetDependency section */
		37466D0C1F4E6D1400B09936 /* PBXTargetDependency */ = {
			isa = PBXTargetDependency;
			target = 37466CF01F4E6D1400B09936 /* FMDBMigrationManagerDemo */;
			targetProxy = 37466D0B1F4E6D1400B09936 /* PBXContainerItemProxy */;
		};
/* End PBXTargetDependency section */

/* Begin PBXVariantGroup section */
		37466CFD1F4E6D1400B09936 /* Main.storyboard */ = {
			isa = PBXVariantGroup;
			children = (
				37466CFE1F4E6D1400B09936 /* Base */,
			);
			name = Main.storyboard;
			sourceTree = "<group>";
		};
		37466D021F4E6D1400B09936 /* LaunchScreen.storyboard */ = {
			isa = PBXVariantGroup;
			children = (
				37466D031F4E6D1400B09936 /* Base */,
			);
			name = LaunchScreen.storyboard;
			sourceTree = "<group>";
		};
/* End PBXVariantGroup section */

/* Begin XCBuildConfiguration section */
		37466D111F4E6D1400B09936 /* Debug */ = {
			isa = XCBuildConfiguration;
			buildSettings = {
				ALWAYS_SEARCH_USER_PATHS = NO;
				CLANG_ANALYZER_NONNULL = YES;
				CLANG_ANALYZER_NUMBER_OBJECT_CONVERSION = YES_AGGRESSIVE;
				CLANG_CXX_LANGUAGE_STANDARD = "gnu++0x";
				CLANG_CXX_LIBRARY = "libc++";
				CLANG_ENABLE_MODULES = YES;
				CLANG_ENABLE_OBJC_ARC = YES;
				CLANG_WARN_BOOL_CONVERSION = YES;
				CLANG_WARN_CONSTANT_CONVERSION = YES;
				CLANG_WARN_DIRECT_OBJC_ISA_USAGE = YES_ERROR;
				CLANG_WARN_DOCUMENTATION_COMMENTS = YES;
				CLANG_WARN_EMPTY_BODY = YES;
				CLANG_WARN_ENUM_CONVERSION = YES;
				CLANG_WARN_INFINITE_RECURSION = YES;
				CLANG_WARN_INT_CONVERSION = YES;
				CLANG_WARN_OBJC_ROOT_CLASS = YES_ERROR;
				CLANG_WARN_SUSPICIOUS_MOVE = YES;
				CLANG_WARN_UNREACHABLE_CODE = YES;
				CLANG_WARN__DUPLICATE_METHOD_MATCH = YES;
				"CODE_SIGN_IDENTITY[sdk=iphoneos*]" = "iPhone Developer";
				COPY_PHASE_STRIP = NO;
				DEBUG_INFORMATION_FORMAT = dwarf;
				ENABLE_STRICT_OBJC_MSGSEND = YES;
				ENABLE_TESTABILITY = YES;
				GCC_C_LANGUAGE_STANDARD = gnu99;
				GCC_DYNAMIC_NO_PIC = NO;
				GCC_NO_COMMON_BLOCKS = YES;
				GCC_OPTIMIZATION_LEVEL = 0;
				GCC_PREPROCESSOR_DEFINITIONS = (
					"DEBUG=1",
					"$(inherited)",
				);
				GCC_WARN_64_TO_32_BIT_CONVERSION = YES;
				GCC_WARN_ABOUT_RETURN_TYPE = YES_ERROR;
				GCC_WARN_UNDECLARED_SELECTOR = YES;
				GCC_WARN_UNINITIALIZED_AUTOS = YES_AGGRESSIVE;
				GCC_WARN_UNUSED_FUNCTION = YES;
				GCC_WARN_UNUSED_VARIABLE = YES;
				IPHONEOS_DEPLOYMENT_TARGET = 10.3;
				MTL_ENABLE_DEBUG_INFO = YES;
				ONLY_ACTIVE_ARCH = YES;
				SDKROOT = iphoneos;
			};
			name = Debug;
		};
		37466D121F4E6D1400B09936 /* Release */ = {
			isa = XCBuildConfiguration;
			buildSettings = {
				ALWAYS_SEARCH_USER_PATHS = NO;
				CLANG_ANALYZER_NONNULL = YES;
				CLANG_ANALYZER_NUMBER_OBJECT_CONVERSION = YES_AGGRESSIVE;
				CLANG_CXX_LANGUAGE_STANDARD = "gnu++0x";
				CLANG_CXX_LIBRARY = "libc++";
				CLANG_ENABLE_MODULES = YES;
				CLANG_ENABLE_OBJC_ARC = YES;
				CLANG_WARN_BOOL_CONVERSION = YES;
				CLANG_WARN_CONSTANT_CONVERSION = YES;
				CLANG_WARN_DIRECT_OBJC_ISA_USAGE = YES_ERROR;
				CLANG_WARN_DOCUMENTATION_COMMENTS = YES;
				CLANG_WARN_EMPTY_BODY = YES;
				CLANG_WARN_ENUM_CONVERSION = YES;
				CLANG_WARN_INFINITE_RECURSION = YES;
				CLANG_WARN_INT_CONVERSION = YES;
				CLANG_WARN_OBJC_ROOT_CLASS = YES_ERROR;
				CLANG_WARN_SUSPICIOUS_MOVE = YES;
				CLANG_WARN_UNREACHABLE_CODE = YES;
				CLANG_WARN__DUPLICATE_METHOD_MATCH = YES;
				"CODE_SIGN_IDENTITY[sdk=iphoneos*]" = "iPhone Developer";
				COPY_PHASE_STRIP = NO;
				DEBUG_INFORMATION_FORMAT = "dwarf-with-dsym";
				ENABLE_NS_ASSERTIONS = NO;
				ENABLE_STRICT_OBJC_MSGSEND = YES;
				GCC_C_LANGUAGE_STANDARD = gnu99;
				GCC_NO_COMMON_BLOCKS = YES;
				GCC_WARN_64_TO_32_BIT_CONVERSION = YES;
				GCC_WARN_ABOUT_RETURN_TYPE = YES_ERROR;
				GCC_WARN_UNDECLARED_SELECTOR = YES;
				GCC_WARN_UNINITIALIZED_AUTOS = YES_AGGRESSIVE;
				GCC_WARN_UNUSED_FUNCTION = YES;
				GCC_WARN_UNUSED_VARIABLE = YES;
				IPHONEOS_DEPLOYMENT_TARGET = 10.3;
				MTL_ENABLE_DEBUG_INFO = NO;
				SDKROOT = iphoneos;
				VALIDATE_PRODUCT = YES;
			};
			name = Release;
		};
		37466D141F4E6D1400B09936 /* Debug */ = {
			isa = XCBuildConfiguration;
			baseConfigurationReference = 4BCA014503443221D90F7968 /* Pods-FMDBMigrationManagerDemo.debug.xcconfig */;
			buildSettings = {
				ASSETCATALOG_COMPILER_APPICON_NAME = AppIcon;
				INFOPLIST_FILE = FMDBMigrationManagerDemo/Info.plist;
				LD_RUNPATH_SEARCH_PATHS = "$(inherited) @executable_path/Frameworks";
				PRODUCT_BUNDLE_IDENTIFIER = woasis.FMDBMigrationManagerDemo;
				PRODUCT_NAME = "$(TARGET_NAME)";
			};
			name = Debug;
		};
		37466D151F4E6D1400B09936 /* Release */ = {
			isa = XCBuildConfiguration;
			baseConfigurationReference = 68ACBF8168B03897D3261037 /* Pods-FMDBMigrationManagerDemo.release.xcconfig */;
			buildSettings = {
				ASSETCATALOG_COMPILER_APPICON_NAME = AppIcon;
				INFOPLIST_FILE = FMDBMigrationManagerDemo/Info.plist;
				LD_RUNPATH_SEARCH_PATHS = "$(inherited) @executable_path/Frameworks";
				PRODUCT_BUNDLE_IDENTIFIER = woasis.FMDBMigrationManagerDemo;
				PRODUCT_NAME = "$(TARGET_NAME)";
			};
			name = Release;
		};
		37466D171F4E6D1400B09936 /* Debug */ = {
			isa = XCBuildConfiguration;
			baseConfigurationReference = 09CC61B4E193B92689EA6ACF /* Pods-FMDBMigrationManagerDemoTests.debug.xcconfig */;
			buildSettings = {
				BUNDLE_LOADER = "$(TEST_HOST)";
				INFOPLIST_FILE = FMDBMigrationManagerDemoTests/Info.plist;
				LD_RUNPATH_SEARCH_PATHS = "$(inherited) @executable_path/Frameworks @loader_path/Frameworks";
				PRODUCT_BUNDLE_IDENTIFIER = woasis.FMDBMigrationManagerDemoTests;
				PRODUCT_NAME = "$(TARGET_NAME)";
				TEST_HOST = "$(BUILT_PRODUCTS_DIR)/FMDBMigrationManagerDemo.app/FMDBMigrationManagerDemo";
			};
			name = Debug;
		};
		37466D181F4E6D1400B09936 /* Release */ = {
			isa = XCBuildConfiguration;
			baseConfigurationReference = 4462CD93A6847D1480F5D340 /* Pods-FMDBMigrationManagerDemoTests.release.xcconfig */;
			buildSettings = {
				BUNDLE_LOADER = "$(TEST_HOST)";
				INFOPLIST_FILE = FMDBMigrationManagerDemoTests/Info.plist;
				LD_RUNPATH_SEARCH_PATHS = "$(inherited) @executable_path/Frameworks @loader_path/Frameworks";
				PRODUCT_BUNDLE_IDENTIFIER = woasis.FMDBMigrationManagerDemoTests;
				PRODUCT_NAME = "$(TARGET_NAME)";
				TEST_HOST = "$(BUILT_PRODUCTS_DIR)/FMDBMigrationManagerDemo.app/FMDBMigrationManagerDemo";
			};
			name = Release;
		};
/* End XCBuildConfiguration section */

/* Begin XCConfigurationList section */
		37466CEC1F4E6D1400B09936 /* Build configuration list for PBXProject "FMDBMigrationManagerDemo" */ = {
			isa = XCConfigurationList;
			buildConfigurations = (
				37466D111F4E6D1400B09936 /* Debug */,
				37466D121F4E6D1400B09936 /* Release */,
			);
			defaultConfigurationIsVisible = 0;
			defaultConfigurationName = Release;
		};
		37466D131F4E6D1400B09936 /* Build configuration list for PBXNativeTarget "FMDBMigrationManagerDemo" */ = {
			isa = XCConfigurationList;
			buildConfigurations = (
				37466D141F4E6D1400B09936 /* Debug */,
				37466D151F4E6D1400B09936 /* Release */,
			);
			defaultConfigurationIsVisible = 0;
			defaultConfigurationName = Release;
		};
		37466D161F4E6D1400B09936 /* Build configuration list for PBXNativeTarget "FMDBMigrationManagerDemoTests" */ = {
			isa = XCConfigurationList;
			buildConfigurations = (
				37466D171F4E6D1400B09936 /* Debug */,
				37466D181F4E6D1400B09936 /* Release */,
			);
			defaultConfigurationIsVisible = 0;
			defaultConfigurationName = Release;
		};
/* End XCConfigurationList section */
	};
	rootObject = 37466CE91F4E6D1400B09936 /* Project object */;
}
